
Microsoft Visual Studio Solution File, Format Version 12.00
# Visual Studio 15
VisualStudioVersion = 15.0.26730.16
MinimumVisualStudioVersion = 10.0.40219.1
Project("{8BC9CEB8-8B4A-11D0-8D11-00A0C91BC942}") = "sample_common", "sample_common\sample_common.vcxproj", "{DB71B91D-16D8-4339-9621-D81798E46E8F}"
EndProject
Project("{8BC9CEB8-8B4A-11D0-8D11-00A0C91BC942}") = "sample_decode_2010", "sample_decode\sample_decode_2010.vcxproj", "{A6E3D645-0F58-45F4-BDC3-CA457C87D7BC}"
EndProject
Project("{8BC9CEB8-8B4A-11D0-8D11-00A0C91BC942}") = "sample_camera", "sample_camera\sample_camera.vcxproj", "{B81FF6EE-DFF6-496C-B5F2-31BBD0AF454D}"
EndProject
Global
	GlobalSection(SolutionConfigurationPlatforms) = preSolution
		Debug_WithDebugAPI|x64 = Debug_WithDebugAPI|x64
		Debug_WithDebugAPI|x86 = Debug_WithDebugAPI|x86
		Debug|x64 = Debug|x64
		Debug|x86 = Debug|x86
		Release|x64 = Release|x64
		Release|x86 = Release|x86
	EndGlobalSection
	GlobalSection(ProjectConfigurationPlatforms) = postSolution
		{DB71B91D-16D8-4339-9621-D81798E46E8F}.Debug_WithDebugAPI|x64.ActiveCfg = Debug_WithDebugAPI|x64
		{DB71B91D-16D8-4339-9621-D81798E46E8F}.Debug_WithDebugAPI|x64.Build.0 = Debug_WithDebugAPI|x64
		{DB71B91D-16D8-4339-9621-D81798E46E8F}.Debug_WithDebugAPI|x86.ActiveCfg = Debug_WithDebugAPI|Win32
		{DB71B91D-16D8-4339-9621-D81798E46E8F}.Debug_WithDebugAPI|x86.Build.0 = Debug_WithDebugAPI|Win32
		{DB71B91D-16D8-4339-9621-D81798E46E8F}.Debug|x64.ActiveCfg = Debug|x64
		{DB71B91D-16D8-4339-9621-D81798E46E8F}.Debug|x64.Build.0 = Debug|x64
		{DB71B91D-16D8-4339-9621-D81798E46E8F}.Debug|x86.ActiveCfg = Debug|Win32
		{DB71B91D-16D8-4339-9621-D81798E46E8F}.Debug|x86.Build.0 = Debug|Win32
		{DB71B91D-16D8-4339-9621-D81798E46E8F}.Release|x64.ActiveCfg = Release|x64
		{DB71B91D-16D8-4339-9621-D81798E46E8F}.Release|x64.Build.0 = Release|x64
		{DB71B91D-16D8-4339-9621-D81798E46E8F}.Release|x86.ActiveCfg = Release|Win32
		{DB71B91D-16D8-4339-9621-D81798E46E8F}.Release|x86.Build.0 = Release|Win32
		{A6E3D645-0F58-45F4-BDC3-CA457C87D7BC}.Debug_WithDebugAPI|x64.ActiveCfg = Debug_WithDebugAPI|x64
		{A6E3D645-0F58-45F4-BDC3-CA457C87D7BC}.Debug_WithDebugAPI|x64.Build.0 = Debug_WithDebugAPI|x64
		{A6E3D645-0F58-45F4-BDC3-CA457C87D7BC}.Debug_WithDebugAPI|x86.ActiveCfg = Debug_WithDebugAPI|Win32
		{A6E3D645-0F58-45F4-BDC3-CA457C87D7BC}.Debug_WithDebugAPI|x86.Build.0 = Debug_WithDebugAPI|Win32
		{A6E3D645-0F58-45F4-BDC3-CA457C87D7BC}.Debug|x64.ActiveCfg = Debug|x64
		{A6E3D645-0F58-45F4-BDC3-CA457C87D7BC}.Debug|x64.Build.0 = Debug|x64
		{A6E3D645-0F58-45F4-BDC3-CA457C87D7BC}.Debug|x86.ActiveCfg = Debug|Win32
		{A6E3D645-0F58-45F4-BDC3-CA457C87D7BC}.Debug|x86.Build.0 = Debug|Win32
		{A6E3D645-0F58-45F4-BDC3-CA457C87D7BC}.Release|x64.ActiveCfg = Release|x64
		{A6E3D645-0F58-45F4-BDC3-CA457C87D7BC}.Release|x64.Build.0 = Release|x64
		{A6E3D645-0F58-45F4-BDC3-CA457C87D7BC}.Release|x86.ActiveCfg = Release|Win32
		{A6E3D645-0F58-45F4-BDC3-CA457C87D7BC}.Release|x86.Build.0 = Release|Win32
		{B81FF6EE-DFF6-496C-B5F2-31BBD0AF454D}.Debug_WithDebugAPI|x64.ActiveCfg = Debug_WithDebugAPI|x64
		{B81FF6EE-DFF6-496C-B5F2-31BBD0AF454D}.Debug_WithDebugAPI|x64.Build.0 = Debug_WithDebugAPI|x64
		{B81FF6EE-DFF6-496C-B5F2-31BBD0AF454D}.Debug_WithDebugAPI|x86.ActiveCfg = Debug_WithDebugAPI|Win32
		{B81FF6EE-DFF6-496C-B5F2-31BBD0AF454D}.Debug_WithDebugAPI|x86.Build.0 = Debug_WithDebugAPI|Win32
		{B81FF6EE-DFF6-496C-B5F2-31BBD0AF454D}.Debug|x64.ActiveCfg = Debug|x64
		{B81FF6EE-DFF6-496C-B5F2-31BBD0AF454D}.Debug|x64.Build.0 = Debug|x64
		{B81FF6EE-DFF6-496C-B5F2-31BBD0AF454D}.Debug|x86.ActiveCfg = Debug|Win32
		{B81FF6EE-DFF6-496C-B5F2-31BBD0AF454D}.Debug|x86.Build.0 = Debug|Win32
		{B81FF6EE-DFF6-496C-B5F2-31BBD0AF454D}.Release|x64.ActiveCfg = Release|x64
		{B81FF6EE-DFF6-496C-B5F2-31BBD0AF454D}.Release|x64.Build.0 = Release|x64
		{B81FF6EE-DFF6-496C-B5F2-31BBD0AF454D}.Release|x86.ActiveCfg = Release|Win32
		{B81FF6EE-DFF6-496C-B5F2-31BBD0AF454D}.Release|x86.Build.0 = Release|Win32
	EndGlobalSection
	GlobalSection(SolutionProperties) = preSolution
		HideSolutionNode = FALSE
	EndGlobalSection
	GlobalSection(ExtensibilityGlobals) = postSolution
		SolutionGuid = {1684D0ED-7E02-413E-B1B9-2D4B9608F4E2}
	EndGlobalSection
EndGlobal
