
Microsoft Visual Studio Solution File, Format Version 12.00
# Visual Studio Version 16
VisualStudioVersion = 16.0.29613.14
MinimumVisualStudioVersion = 10.0.40219.1
Project("{8BC9CEB8-8B4A-11D0-8D11-00A0C91BC942}") = "tvWindow", "tvWindow\tv.vcxproj", "{B80EBF50-0719-4408-B63F-43C64F802819}"
	ProjectSection(ProjectDependencies) = postProject
		{9E7B3527-11AA-46BA-A82F-C58761F9B56F} = {9E7B3527-11AA-46BA-A82F-C58761F9B56F}
		{3E06EF44-C7ED-45EB-AC5C-3A0338D37D53} = {3E06EF44-C7ED-45EB-AC5C-3A0338D37D53}
	EndProjectSection
EndProject
Project("{8BC9CEB8-8B4A-11D0-8D11-00A0C91BC942}") = "jpegWindow", "jpegWindow\jpegWindow.vcxproj", "{2063D107-15B8-40E6-A25E-07DA87524B04}"
	ProjectSection(ProjectDependencies) = postProject
		{3E06EF44-C7ED-45EB-AC5C-3A0338D37D53} = {3E06EF44-C7ED-45EB-AC5C-3A0338D37D53}
	EndProjectSection
EndProject
Project("{8BC9CEB8-8B4A-11D0-8D11-00A0C91BC942}") = "tvGrabWindow", "tvGrabWindow\tvGrabWindow.vcxproj", "{C705403B-98CF-4A4A-8A3D-D7E169E73076}"
	ProjectSection(ProjectDependencies) = postProject
		{3E06EF44-C7ED-45EB-AC5C-3A0338D37D53} = {3E06EF44-C7ED-45EB-AC5C-3A0338D37D53}
	EndProjectSection
EndProject
Project("{8BC9CEB8-8B4A-11D0-8D11-00A0C91BC942}") = "common", "common\common.vcxproj", "{3E06EF44-C7ED-45EB-AC5C-3A0338D37D53}"
EndProject
Project("{8BC9CEB8-8B4A-11D0-8D11-00A0C91BC942}") = "playWindow", "playWindow\playWindow.vcxproj", "{DFA05DDA-082C-40AB-8FAB-8D936C91EACA}"
	ProjectSection(ProjectDependencies) = postProject
		{3E06EF44-C7ED-45EB-AC5C-3A0338D37D53} = {3E06EF44-C7ED-45EB-AC5C-3A0338D37D53}
	EndProjectSection
EndProject
Project("{8BC9CEB8-8B4A-11D0-8D11-00A0C91BC942}") = "hlsWindow", "hlsWindow\hlsWindow.vcxproj", "{7145C7D0-19C0-4765-8762-72CB3016DFCD}"
EndProject
Project("{8BC9CEB8-8B4A-11D0-8D11-00A0C91BC942}") = "libmfx", "..\libmfx\mfx_dispatch\libmfx_vs2015.vcxproj", "{9E7B3527-11AA-46BA-A82F-C58761F9B56F}"
EndProject
Global
	GlobalSection(SolutionConfigurationPlatforms) = preSolution
		Debug_THM|x64 = Debug_THM|x64
		Debug_THM|x86 = Debug_THM|x86
		Debug|x64 = Debug|x64
		Debug|x86 = Debug|x86
		release avx|x64 = release avx|x64
		release avx|x86 = release avx|x86
		Release_THM|x64 = Release_THM|x64
		Release_THM|x86 = Release_THM|x86
		Release|x64 = Release|x64
		Release|x86 = Release|x86
	EndGlobalSection
	GlobalSection(ProjectConfigurationPlatforms) = postSolution
		{B80EBF50-0719-4408-B63F-43C64F802819}.Debug_THM|x64.ActiveCfg = Debug|x64
		{B80EBF50-0719-4408-B63F-43C64F802819}.Debug_THM|x64.Build.0 = Debug|x64
		{B80EBF50-0719-4408-B63F-43C64F802819}.Debug_THM|x86.ActiveCfg = Debug|Win32
		{B80EBF50-0719-4408-B63F-43C64F802819}.Debug_THM|x86.Build.0 = Debug|Win32
		{B80EBF50-0719-4408-B63F-43C64F802819}.Debug|x64.ActiveCfg = Debug|x64
		{B80EBF50-0719-4408-B63F-43C64F802819}.Debug|x64.Build.0 = Debug|x64
		{B80EBF50-0719-4408-B63F-43C64F802819}.Debug|x86.ActiveCfg = Debug|Win32
		{B80EBF50-0719-4408-B63F-43C64F802819}.Debug|x86.Build.0 = Debug|Win32
		{B80EBF50-0719-4408-B63F-43C64F802819}.release avx|x64.ActiveCfg = release avx|x64
		{B80EBF50-0719-4408-B63F-43C64F802819}.release avx|x64.Build.0 = release avx|x64
		{B80EBF50-0719-4408-B63F-43C64F802819}.release avx|x86.ActiveCfg = release avx|Win32
		{B80EBF50-0719-4408-B63F-43C64F802819}.release avx|x86.Build.0 = release avx|Win32
		{B80EBF50-0719-4408-B63F-43C64F802819}.Release_THM|x64.ActiveCfg = release avx|x64
		{B80EBF50-0719-4408-B63F-43C64F802819}.Release_THM|x64.Build.0 = release avx|x64
		{B80EBF50-0719-4408-B63F-43C64F802819}.Release_THM|x86.ActiveCfg = release avx|Win32
		{B80EBF50-0719-4408-B63F-43C64F802819}.Release_THM|x86.Build.0 = release avx|Win32
		{B80EBF50-0719-4408-B63F-43C64F802819}.Release|x64.ActiveCfg = Release|x64
		{B80EBF50-0719-4408-B63F-43C64F802819}.Release|x64.Build.0 = Release|x64
		{B80EBF50-0719-4408-B63F-43C64F802819}.Release|x86.ActiveCfg = Release|Win32
		{B80EBF50-0719-4408-B63F-43C64F802819}.Release|x86.Build.0 = Release|Win32
		{2063D107-15B8-40E6-A25E-07DA87524B04}.Debug_THM|x64.ActiveCfg = Debug|x64
		{2063D107-15B8-40E6-A25E-07DA87524B04}.Debug_THM|x64.Build.0 = Debug|x64
		{2063D107-15B8-40E6-A25E-07DA87524B04}.Debug_THM|x86.ActiveCfg = Debug|Win32
		{2063D107-15B8-40E6-A25E-07DA87524B04}.Debug_THM|x86.Build.0 = Debug|Win32
		{2063D107-15B8-40E6-A25E-07DA87524B04}.Debug|x64.ActiveCfg = Debug|x64
		{2063D107-15B8-40E6-A25E-07DA87524B04}.Debug|x64.Build.0 = Debug|x64
		{2063D107-15B8-40E6-A25E-07DA87524B04}.Debug|x86.ActiveCfg = Debug|Win32
		{2063D107-15B8-40E6-A25E-07DA87524B04}.Debug|x86.Build.0 = Debug|Win32
		{2063D107-15B8-40E6-A25E-07DA87524B04}.release avx|x64.ActiveCfg = release avx|x64
		{2063D107-15B8-40E6-A25E-07DA87524B04}.release avx|x64.Build.0 = release avx|x64
		{2063D107-15B8-40E6-A25E-07DA87524B04}.release avx|x86.ActiveCfg = release avx|Win32
		{2063D107-15B8-40E6-A25E-07DA87524B04}.release avx|x86.Build.0 = release avx|Win32
		{2063D107-15B8-40E6-A25E-07DA87524B04}.Release_THM|x64.ActiveCfg = release avx|x64
		{2063D107-15B8-40E6-A25E-07DA87524B04}.Release_THM|x64.Build.0 = release avx|x64
		{2063D107-15B8-40E6-A25E-07DA87524B04}.Release_THM|x86.ActiveCfg = release avx|Win32
		{2063D107-15B8-40E6-A25E-07DA87524B04}.Release_THM|x86.Build.0 = release avx|Win32
		{2063D107-15B8-40E6-A25E-07DA87524B04}.Release|x64.ActiveCfg = Release|x64
		{2063D107-15B8-40E6-A25E-07DA87524B04}.Release|x64.Build.0 = Release|x64
		{2063D107-15B8-40E6-A25E-07DA87524B04}.Release|x86.ActiveCfg = Release|Win32
		{2063D107-15B8-40E6-A25E-07DA87524B04}.Release|x86.Build.0 = Release|Win32
		{C705403B-98CF-4A4A-8A3D-D7E169E73076}.Debug_THM|x64.ActiveCfg = Debug|x64
		{C705403B-98CF-4A4A-8A3D-D7E169E73076}.Debug_THM|x64.Build.0 = Debug|x64
		{C705403B-98CF-4A4A-8A3D-D7E169E73076}.Debug_THM|x86.ActiveCfg = Debug|Win32
		{C705403B-98CF-4A4A-8A3D-D7E169E73076}.Debug_THM|x86.Build.0 = Debug|Win32
		{C705403B-98CF-4A4A-8A3D-D7E169E73076}.Debug|x64.ActiveCfg = Debug|x64
		{C705403B-98CF-4A4A-8A3D-D7E169E73076}.Debug|x64.Build.0 = Debug|x64
		{C705403B-98CF-4A4A-8A3D-D7E169E73076}.Debug|x86.ActiveCfg = Debug|Win32
		{C705403B-98CF-4A4A-8A3D-D7E169E73076}.Debug|x86.Build.0 = Debug|Win32
		{C705403B-98CF-4A4A-8A3D-D7E169E73076}.release avx|x64.ActiveCfg = release avx|x64
		{C705403B-98CF-4A4A-8A3D-D7E169E73076}.release avx|x64.Build.0 = release avx|x64
		{C705403B-98CF-4A4A-8A3D-D7E169E73076}.release avx|x86.ActiveCfg = release avx|Win32
		{C705403B-98CF-4A4A-8A3D-D7E169E73076}.release avx|x86.Build.0 = release avx|Win32
		{C705403B-98CF-4A4A-8A3D-D7E169E73076}.Release_THM|x64.ActiveCfg = release avx|x64
		{C705403B-98CF-4A4A-8A3D-D7E169E73076}.Release_THM|x64.Build.0 = release avx|x64
		{C705403B-98CF-4A4A-8A3D-D7E169E73076}.Release_THM|x86.ActiveCfg = release avx|Win32
		{C705403B-98CF-4A4A-8A3D-D7E169E73076}.Release_THM|x86.Build.0 = release avx|Win32
		{C705403B-98CF-4A4A-8A3D-D7E169E73076}.Release|x64.ActiveCfg = Release|x64
		{C705403B-98CF-4A4A-8A3D-D7E169E73076}.Release|x64.Build.0 = Release|x64
		{C705403B-98CF-4A4A-8A3D-D7E169E73076}.Release|x86.ActiveCfg = Release|Win32
		{C705403B-98CF-4A4A-8A3D-D7E169E73076}.Release|x86.Build.0 = Release|Win32
		{3E06EF44-C7ED-45EB-AC5C-3A0338D37D53}.Debug_THM|x64.ActiveCfg = Debug|x64
		{3E06EF44-C7ED-45EB-AC5C-3A0338D37D53}.Debug_THM|x64.Build.0 = Debug|x64
		{3E06EF44-C7ED-45EB-AC5C-3A0338D37D53}.Debug_THM|x86.ActiveCfg = Debug|Win32
		{3E06EF44-C7ED-45EB-AC5C-3A0338D37D53}.Debug_THM|x86.Build.0 = Debug|Win32
		{3E06EF44-C7ED-45EB-AC5C-3A0338D37D53}.Debug|x64.ActiveCfg = Debug|x64
		{3E06EF44-C7ED-45EB-AC5C-3A0338D37D53}.Debug|x64.Build.0 = Debug|x64
		{3E06EF44-C7ED-45EB-AC5C-3A0338D37D53}.Debug|x86.ActiveCfg = Debug|Win32
		{3E06EF44-C7ED-45EB-AC5C-3A0338D37D53}.Debug|x86.Build.0 = Debug|Win32
		{3E06EF44-C7ED-45EB-AC5C-3A0338D37D53}.release avx|x64.ActiveCfg = release avx|x64
		{3E06EF44-C7ED-45EB-AC5C-3A0338D37D53}.release avx|x64.Build.0 = release avx|x64
		{3E06EF44-C7ED-45EB-AC5C-3A0338D37D53}.release avx|x86.ActiveCfg = release avx|Win32
		{3E06EF44-C7ED-45EB-AC5C-3A0338D37D53}.release avx|x86.Build.0 = release avx|Win32
		{3E06EF44-C7ED-45EB-AC5C-3A0338D37D53}.Release_THM|x64.ActiveCfg = release avx|x64
		{3E06EF44-C7ED-45EB-AC5C-3A0338D37D53}.Release_THM|x64.Build.0 = release avx|x64
		{3E06EF44-C7ED-45EB-AC5C-3A0338D37D53}.Release_THM|x86.ActiveCfg = release avx|Win32
		{3E06EF44-C7ED-45EB-AC5C-3A0338D37D53}.Release_THM|x86.Build.0 = release avx|Win32
		{3E06EF44-C7ED-45EB-AC5C-3A0338D37D53}.Release|x64.ActiveCfg = Release|x64
		{3E06EF44-C7ED-45EB-AC5C-3A0338D37D53}.Release|x64.Build.0 = Release|x64
		{3E06EF44-C7ED-45EB-AC5C-3A0338D37D53}.Release|x86.ActiveCfg = Release|Win32
		{3E06EF44-C7ED-45EB-AC5C-3A0338D37D53}.Release|x86.Build.0 = Release|Win32
		{DFA05DDA-082C-40AB-8FAB-8D936C91EACA}.Debug_THM|x64.ActiveCfg = Debug|x64
		{DFA05DDA-082C-40AB-8FAB-8D936C91EACA}.Debug_THM|x64.Build.0 = Debug|x64
		{DFA05DDA-082C-40AB-8FAB-8D936C91EACA}.Debug_THM|x86.ActiveCfg = Debug|Win32
		{DFA05DDA-082C-40AB-8FAB-8D936C91EACA}.Debug_THM|x86.Build.0 = Debug|Win32
		{DFA05DDA-082C-40AB-8FAB-8D936C91EACA}.Debug|x64.ActiveCfg = Debug|x64
		{DFA05DDA-082C-40AB-8FAB-8D936C91EACA}.Debug|x64.Build.0 = Debug|x64
		{DFA05DDA-082C-40AB-8FAB-8D936C91EACA}.Debug|x86.ActiveCfg = Debug|Win32
		{DFA05DDA-082C-40AB-8FAB-8D936C91EACA}.Debug|x86.Build.0 = Debug|Win32
		{DFA05DDA-082C-40AB-8FAB-8D936C91EACA}.release avx|x64.ActiveCfg = release avx|x64
		{DFA05DDA-082C-40AB-8FAB-8D936C91EACA}.release avx|x64.Build.0 = release avx|x64
		{DFA05DDA-082C-40AB-8FAB-8D936C91EACA}.release avx|x86.ActiveCfg = release avx|Win32
		{DFA05DDA-082C-40AB-8FAB-8D936C91EACA}.release avx|x86.Build.0 = release avx|Win32
		{DFA05DDA-082C-40AB-8FAB-8D936C91EACA}.Release_THM|x64.ActiveCfg = release avx|x64
		{DFA05DDA-082C-40AB-8FAB-8D936C91EACA}.Release_THM|x64.Build.0 = release avx|x64
		{DFA05DDA-082C-40AB-8FAB-8D936C91EACA}.Release_THM|x86.ActiveCfg = release avx|Win32
		{DFA05DDA-082C-40AB-8FAB-8D936C91EACA}.Release_THM|x86.Build.0 = release avx|Win32
		{DFA05DDA-082C-40AB-8FAB-8D936C91EACA}.Release|x64.ActiveCfg = Release|x64
		{DFA05DDA-082C-40AB-8FAB-8D936C91EACA}.Release|x64.Build.0 = Release|x64
		{DFA05DDA-082C-40AB-8FAB-8D936C91EACA}.Release|x86.ActiveCfg = Release|Win32
		{DFA05DDA-082C-40AB-8FAB-8D936C91EACA}.Release|x86.Build.0 = Release|Win32
		{7145C7D0-19C0-4765-8762-72CB3016DFCD}.Debug_THM|x64.ActiveCfg = Debug|x64
		{7145C7D0-19C0-4765-8762-72CB3016DFCD}.Debug_THM|x64.Build.0 = Debug|x64
		{7145C7D0-19C0-4765-8762-72CB3016DFCD}.Debug_THM|x86.ActiveCfg = Debug|Win32
		{7145C7D0-19C0-4765-8762-72CB3016DFCD}.Debug_THM|x86.Build.0 = Debug|Win32
		{7145C7D0-19C0-4765-8762-72CB3016DFCD}.Debug|x64.ActiveCfg = Debug|x64
		{7145C7D0-19C0-4765-8762-72CB3016DFCD}.Debug|x64.Build.0 = Debug|x64
		{7145C7D0-19C0-4765-8762-72CB3016DFCD}.Debug|x86.ActiveCfg = Debug|Win32
		{7145C7D0-19C0-4765-8762-72CB3016DFCD}.Debug|x86.Build.0 = Debug|Win32
		{7145C7D0-19C0-4765-8762-72CB3016DFCD}.release avx|x64.ActiveCfg = release avx|x64
		{7145C7D0-19C0-4765-8762-72CB3016DFCD}.release avx|x64.Build.0 = release avx|x64
		{7145C7D0-19C0-4765-8762-72CB3016DFCD}.release avx|x86.ActiveCfg = release avx|Win32
		{7145C7D0-19C0-4765-8762-72CB3016DFCD}.release avx|x86.Build.0 = release avx|Win32
		{7145C7D0-19C0-4765-8762-72CB3016DFCD}.Release_THM|x64.ActiveCfg = release avx|x64
		{7145C7D0-19C0-4765-8762-72CB3016DFCD}.Release_THM|x64.Build.0 = release avx|x64
		{7145C7D0-19C0-4765-8762-72CB3016DFCD}.Release_THM|x86.ActiveCfg = release avx|Win32
		{7145C7D0-19C0-4765-8762-72CB3016DFCD}.Release_THM|x86.Build.0 = release avx|Win32
		{7145C7D0-19C0-4765-8762-72CB3016DFCD}.Release|x64.ActiveCfg = Release|x64
		{7145C7D0-19C0-4765-8762-72CB3016DFCD}.Release|x64.Build.0 = Release|x64
		{7145C7D0-19C0-4765-8762-72CB3016DFCD}.Release|x86.ActiveCfg = Release|Win32
		{7145C7D0-19C0-4765-8762-72CB3016DFCD}.Release|x86.Build.0 = Release|Win32
		{9E7B3527-11AA-46BA-A82F-C58761F9B56F}.Debug_THM|x64.ActiveCfg = Debug_THM|x64
		{9E7B3527-11AA-46BA-A82F-C58761F9B56F}.Debug_THM|x64.Build.0 = Debug_THM|x64
		{9E7B3527-11AA-46BA-A82F-C58761F9B56F}.Debug_THM|x86.ActiveCfg = Debug_THM|Win32
		{9E7B3527-11AA-46BA-A82F-C58761F9B56F}.Debug_THM|x86.Build.0 = Debug_THM|Win32
		{9E7B3527-11AA-46BA-A82F-C58761F9B56F}.Debug|x64.ActiveCfg = Debug|x64
		{9E7B3527-11AA-46BA-A82F-C58761F9B56F}.Debug|x64.Build.0 = Debug|x64
		{9E7B3527-11AA-46BA-A82F-C58761F9B56F}.Debug|x86.ActiveCfg = Debug|Win32
		{9E7B3527-11AA-46BA-A82F-C58761F9B56F}.Debug|x86.Build.0 = Debug|Win32
		{9E7B3527-11AA-46BA-A82F-C58761F9B56F}.release avx|x64.ActiveCfg = release avx|x64
		{9E7B3527-11AA-46BA-A82F-C58761F9B56F}.release avx|x64.Build.0 = release avx|x64
		{9E7B3527-11AA-46BA-A82F-C58761F9B56F}.release avx|x86.ActiveCfg = release avx|Win32
		{9E7B3527-11AA-46BA-A82F-C58761F9B56F}.release avx|x86.Build.0 = release avx|Win32
		{9E7B3527-11AA-46BA-A82F-C58761F9B56F}.Release_THM|x64.ActiveCfg = Release_THM|x64
		{9E7B3527-11AA-46BA-A82F-C58761F9B56F}.Release_THM|x64.Build.0 = Release_THM|x64
		{9E7B3527-11AA-46BA-A82F-C58761F9B56F}.Release_THM|x86.ActiveCfg = Release_THM|Win32
		{9E7B3527-11AA-46BA-A82F-C58761F9B56F}.Release_THM|x86.Build.0 = Release_THM|Win32
		{9E7B3527-11AA-46BA-A82F-C58761F9B56F}.Release|x64.ActiveCfg = Release|x64
		{9E7B3527-11AA-46BA-A82F-C58761F9B56F}.Release|x64.Build.0 = Release|x64
		{9E7B3527-11AA-46BA-A82F-C58761F9B56F}.Release|x86.ActiveCfg = Release|Win32
		{9E7B3527-11AA-46BA-A82F-C58761F9B56F}.Release|x86.Build.0 = Release|Win32
	EndGlobalSection
	GlobalSection(SolutionProperties) = preSolution
		HideSolutionNode = FALSE
	EndGlobalSection
	GlobalSection(ExtensibilityGlobals) = postSolution
		SolutionGuid = {41A0766F-1173-4FE3-AAC0-2C8D6D2EAF65}
	EndGlobalSection
	GlobalSection(Performance) = preSolution
		HasPerformanceSessions = true
	EndGlobalSection
EndGlobal
