<?xml version="1.0" encoding="utf-8"?>
<Project ToolsVersion="4.0" xmlns="http://schemas.microsoft.com/developer/msbuild/2003">
  <ItemGroup>
    <Filter Include="Header Files">
      <UniqueIdentifier>{93995380-89BD-4b04-88EB-625FBE52EBFB}</UniqueIdentifier>
      <Extensions>h;hh;hpp;hxx;hm;inl;inc;xsd</Extensions>
    </Filter>
    <Filter Include="tinyAac">
      <UniqueIdentifier>{42a9f1f6-6e22-42db-9cc8-065d89ad76ed}</UniqueIdentifier>
    </Filter>
  </ItemGroup>
  <ItemGroup>
    <ClInclude Include="stdafx.h">
      <Filter>Header Files</Filter>
    </ClInclude>
    <ClInclude Include="..\..\shared\utils\cLog.h">
      <Filter>Header Files</Filter>
    </ClInclude>
    <ClInclude Include="..\..\shared\utils\cWinAudio.h">
      <Filter>Header Files</Filter>
    </ClInclude>
    <ClInclude Include="..\..\shared\utils\iAudio.h">
      <Filter>Header Files</Filter>
    </ClInclude>
    <ClInclude Include="..\..\shared\utils\utils.h">
      <Filter>Header Files</Filter>
    </ClInclude>
    <ClInclude Include="..\..\shared\teensyAac\aaccommon.h">
      <Filter>tinyAac</Filter>
    </ClInclude>
    <ClInclude Include="..\..\shared\teensyAac\assembly.h">
      <Filter>tinyAac</Filter>
    </ClInclude>
    <ClInclude Include="..\..\shared\teensyAac\cAacDecoder.h">
      <Filter>tinyAac</Filter>
    </ClInclude>
    <ClInclude Include="..\..\shared\teensyAac\cBitStream.h">
      <Filter>tinyAac</Filter>
    </ClInclude>
    <ClInclude Include="..\..\shared\teensyAac\huffman.h">
      <Filter>tinyAac</Filter>
    </ClInclude>
    <ClInclude Include="..\..\shared\teensyAac\sbr.h">
      <Filter>tinyAac</Filter>
    </ClInclude>
    <ClInclude Include="..\..\shared\teensyAac\tables.h">
      <Filter>tinyAac</Filter>
    </ClInclude>
    <ClInclude Include="..\..\shared\hls\hls.h">
      <Filter>Header Files</Filter>
    </ClInclude>
    <ClInclude Include="..\common\cD2dWindow.h">
      <Filter>Header Files</Filter>
    </ClInclude>
    <ClInclude Include="..\..\shared\utils\date.h">
      <Filter>Header Files</Filter>
    </ClInclude>
  </ItemGroup>
  <ItemGroup>
    <ClCompile Include="..\..\shared\teensyAac\cAacDecoder.cpp">
      <Filter>tinyAac</Filter>
    </ClCompile>
    <ClCompile Include="..\..\shared\teensyAac\huffman.cpp">
      <Filter>tinyAac</Filter>
    </ClCompile>
    <ClCompile Include="..\..\shared\teensyAac\sbr.cpp">
      <Filter>tinyAac</Filter>
    </ClCompile>
    <ClCompile Include="console.cpp" />
    <ClCompile Include="stdafx.cpp" />
  </ItemGroup>
</Project>