<?xml version="1.0" encoding="utf-8"?>
<Project ToolsVersion="4.0" xmlns="http://schemas.microsoft.com/developer/msbuild/2003">
  <ItemGroup>
    <ClCompile Include="stdafx.cpp" />
    <ClCompile Include="..\..\shared\decoders\cAacDecoder.cpp" />
    <ClCompile Include="..\..\shared\decoders\cAudioDecode.cpp" />
    <ClCompile Include="..\..\shared\net\cHttp.cpp" />
    <ClCompile Include="hlsWindow.cpp" />
    <ClCompile Include="..\..\shared\decoders\cMp3Decoder.cpp" />
    <ClCompile Include="..\..\shared\utils\cSong.cpp" />
  </ItemGroup>
  <ItemGroup>
    <Filter Include="h">
      <UniqueIdentifier>{29a1756e-9c12-4c27-b4c9-5126e23f3281}</UniqueIdentifier>
    </Filter>
  </ItemGroup>
  <ItemGroup>
    <ClInclude Include="..\..\shared\utils\cLog.h">
      <Filter>h</Filter>
    </ClInclude>
    <ClInclude Include="..\..\shared\utils\cSemaphore.h">
      <Filter>h</Filter>
    </ClInclude>
    <ClInclude Include="..\boxes\cCalendarBox.h">
      <Filter>h</Filter>
    </ClInclude>
    <ClInclude Include="..\boxes\cClockBox.h">
      <Filter>h</Filter>
    </ClInclude>
    <ClInclude Include="..\boxes\cLogBox.h">
      <Filter>h</Filter>
    </ClInclude>
    <ClInclude Include="..\boxes\ctitlebox.h">
      <Filter>h</Filter>
    </ClInclude>
    <ClInclude Include="..\boxes\cWindowBox.h">
      <Filter>h</Filter>
    </ClInclude>
    <ClInclude Include="..\common\cView2d.h">
      <Filter>h</Filter>
    </ClInclude>
    <ClInclude Include="..\common\cPointRect.h">
      <Filter>h</Filter>
    </ClInclude>
    <ClInclude Include="..\common\cD2dWindow.h">
      <Filter>h</Filter>
    </ClInclude>
    <ClInclude Include="..\common\cJpegImage.h">
      <Filter>h</Filter>
    </ClInclude>
    <ClInclude Include="stdafx.h">
      <Filter>h</Filter>
    </ClInclude>
    <ClInclude Include="..\..\shared\net\cHttp.h">
      <Filter>h</Filter>
    </ClInclude>
    <ClInclude Include="..\..\shared\net\cWinSockHttp.h">
      <Filter>h</Filter>
    </ClInclude>
    <ClInclude Include="..\boxes\cJpegImageView.h">
      <Filter>h</Filter>
    </ClInclude>
    <ClInclude Include="..\boxes\cBmpBox.h">
      <Filter>h</Filter>
    </ClInclude>
    <ClInclude Include="..\..\shared\date\date.h">
      <Filter>h</Filter>
    </ClInclude>
    <ClInclude Include="..\boxes\cListBox.h">
      <Filter>h</Filter>
    </ClInclude>
    <ClInclude Include="..\..\shared\utils\cFileList.h">
      <Filter>h</Filter>
    </ClInclude>
    <ClInclude Include="..\boxes\cFileListBox.h">
      <Filter>h</Filter>
    </ClInclude>
    <ClInclude Include="..\..\shared\decoders\cAacDecoder.h">
      <Filter>h</Filter>
    </ClInclude>
    <ClInclude Include="..\..\shared\decoders\cAudioDecode.h">
      <Filter>h</Filter>
    </ClInclude>
    <ClInclude Include="..\..\shared\hls\r1x80.h">
      <Filter>h</Filter>
    </ClInclude>
    <ClInclude Include="..\..\shared\hls\r2x80.h">
      <Filter>h</Filter>
    </ClInclude>
    <ClInclude Include="..\..\shared\hls\r3x80.h">
      <Filter>h</Filter>
    </ClInclude>
    <ClInclude Include="..\..\shared\hls\r4x80.h">
      <Filter>h</Filter>
    </ClInclude>
    <ClInclude Include="..\..\shared\hls\r5x80.h">
      <Filter>h</Filter>
    </ClInclude>
    <ClInclude Include="..\..\shared\hls\r6x80.h">
      <Filter>h</Filter>
    </ClInclude>
    <ClInclude Include="..\..\shared\decoders\cMp3Decoder.h">
      <Filter>h</Filter>
    </ClInclude>
    <ClInclude Include="..\..\shared\audio\iAudio.h">
      <Filter>h</Filter>
    </ClInclude>
    <ClInclude Include="..\..\shared\utils\cSong.h">
      <Filter>h</Filter>
    </ClInclude>
    <ClInclude Include="..\..\shared\utils\cVideoDecode.h">
      <Filter>h</Filter>
    </ClInclude>
  </ItemGroup>
</Project>