<?xml version="1.0" encoding="utf-8"?>
<Project ToolsVersion="4.0" xmlns="http://schemas.microsoft.com/developer/msbuild/2003">
  <ItemGroup>
    <Filter Include="Header Files">
      <UniqueIdentifier>{93995380-89BD-4b04-88EB-625FBE52EBFB}</UniqueIdentifier>
      <Extensions>h;hh;hpp;hxx;hm;inl;inc;xsd</Extensions>
    </Filter>
    <Filter Include="tinyAac">
      <UniqueIdentifier>{cc365e3f-0aea-4ada-88d5-f2d540c39e6a}</UniqueIdentifier>
    </Filter>
    <Filter Include="tinyAac\header">
      <UniqueIdentifier>{a3c5f7a2-ecbf-4f12-b974-6f905f0b4d0e}</UniqueIdentifier>
    </Filter>
  </ItemGroup>
  <ItemGroup>
    <ClCompile Include="stdafx.cpp" />
    <ClCompile Include="hlsWindow.cpp" />
    <ClCompile Include="..\..\shared\teensyAac\cAacDecoder.cpp">
      <Filter>tinyAac</Filter>
    </ClCompile>
    <ClCompile Include="..\..\shared\teensyAac\huffman.cpp">
      <Filter>tinyAac</Filter>
    </ClCompile>
    <ClCompile Include="..\..\shared\teensyAac\sbr.cpp">
      <Filter>tinyAac</Filter>
    </ClCompile>
  </ItemGroup>
  <ItemGroup>
    <ClInclude Include="stdafx.h">
      <Filter>Header Files</Filter>
    </ClInclude>
    <ClInclude Include="..\..\shared\utils\cLog.h">
      <Filter>Header Files</Filter>
    </ClInclude>
    <ClInclude Include="..\..\shared\utils\utils.h">
      <Filter>Header Files</Filter>
    </ClInclude>
    <ClInclude Include="..\..\shared\utils\cWinAudio.h">
      <Filter>Header Files</Filter>
    </ClInclude>
    <ClInclude Include="..\common\cD2dWindow.h">
      <Filter>Header Files</Filter>
    </ClInclude>
    <ClInclude Include="..\..\shared\hls\hls.h">
      <Filter>Header Files</Filter>
    </ClInclude>
    <ClInclude Include="..\..\shared\net\cHttp.h">
      <Filter>Header Files</Filter>
    </ClInclude>
    <ClInclude Include="..\..\shared\net\cWinSockHttp.h">
      <Filter>Header Files</Filter>
    </ClInclude>
    <ClInclude Include="..\..\shared\teensyAac\aaccommon.h">
      <Filter>tinyAac\header</Filter>
    </ClInclude>
    <ClInclude Include="..\..\shared\teensyAac\assembly.h">
      <Filter>tinyAac\header</Filter>
    </ClInclude>
    <ClInclude Include="..\..\shared\teensyAac\cAacDecoder.h">
      <Filter>tinyAac\header</Filter>
    </ClInclude>
    <ClInclude Include="..\..\shared\teensyAac\sbr.h">
      <Filter>tinyAac\header</Filter>
    </ClInclude>
    <ClInclude Include="..\..\shared\teensyAac\tables.h">
      <Filter>tinyAac\header</Filter>
    </ClInclude>
    <ClInclude Include="..\..\shared\teensyAac\cBitStream.h">
      <Filter>tinyAac\header</Filter>
    </ClInclude>
    <ClInclude Include="..\common\cClockBox.h">
      <Filter>Header Files</Filter>
    </ClInclude>
    <ClInclude Include="..\common\cCalendarBox.h">
      <Filter>Header Files</Filter>
    </ClInclude>
    <ClInclude Include="..\..\shared\utils\date.h">
      <Filter>Header Files</Filter>
    </ClInclude>
    <ClInclude Include="..\common\cLogBox.h">
      <Filter>Header Files</Filter>
    </ClInclude>
    <ClInclude Include="..\common\box\cHlsDotsBox.h">
      <Filter>Header Files</Filter>
    </ClInclude>
    <ClInclude Include="..\common\box\cHlsPeakBox.h">
      <Filter>Header Files</Filter>
    </ClInclude>
  </ItemGroup>
</Project>